// !$*UTF8*$!
{
	archiveVersion = 1;
	classes = {
	};
	objectVersion = 46;
	objects = {

/* Begin PBXBuildFile section */
		B3E7B58A1CC2AC0600A0062D /* RNPdftron.m in Sources */ = {isa = PBXBuildFile; fileRef = B3E7B5891CC2AC0600A0062D /* RNPdftron.m */; };
		CE0885F020E2C9F400AB7A9B /* RNTPTDocumentView.m in Sources */ = {isa = PBXBuildFile; fileRef = CE0885EF20E2C9F400AB7A9B /* RNTPTDocumentView.m */; };
		CE0885F320E2CA1300AB7A9B /* RNTPTDocumentViewManager.m in Sources */ = {isa = PBXBuildFile; fileRef = CE0885F220E2CA1300AB7A9B /* RNTPTDocumentViewManager.m */; };
		CE0885F620E2CAB100AB7A9B /* RNTPTPDFViewCtrl.m in Sources */ = {isa = PBXBuildFile; fileRef = CE0885F520E2CAB100AB7A9B /* RNTPTPDFViewCtrl.m */; };
		CE0885F920E2CACB00AB7A9B /* RNTPTPDFViewCtrlManager.m in Sources */ = {isa = PBXBuildFile; fileRef = CE0885F820E2CACB00AB7A9B /* RNTPTPDFViewCtrlManager.m */; };
		D30BB17922EFA8D000D90D24 /* RNTPTDocumentViewModule.m in Sources */ = {isa = PBXBuildFile; fileRef = D30BB17822EFA8D000D90D24 /* RNTPTDocumentViewModule.m */; };
/* End PBXBuildFile section */

/* Begin PBXCopyFilesBuildPhase section */
		58B511D91A9E6C8500147676 /* CopyFiles */ = {
			isa = PBXCopyFilesBuildPhase;
			buildActionMask = 2147483647;
			dstPath = "include/$(PRODUCT_NAME)";
			dstSubfolderSpec = 16;
			files = (
			);
			runOnlyForDeploymentPostprocessing = 0;
		};
/* End PBXCopyFilesBuildPhase section */

/* Begin PBXFileReference section */
		134814201AA4EA6300B7C361 /* libRNPdftron.a */ = {isa = PBXFileReference; explicitFileType = archive.ar; includeInIndex = 0; path = libRNPdftron.a; sourceTree = BUILT_PRODUCTS_DIR; };
		B3E7B5881CC2AC0600A0062D /* RNPdftron.h */ = {isa = PBXFileReference; fileEncoding = 4; lastKnownFileType = sourcecode.c.h; path = RNPdftron.h; sourceTree = "<group>"; };
		B3E7B5891CC2AC0600A0062D /* RNPdftron.m */ = {isa = PBXFileReference; fileEncoding = 4; lastKnownFileType = sourcecode.c.objc; path = RNPdftron.m; sourceTree = "<group>"; };
		CE0885EE20E2C9F400AB7A9B /* RNTPTDocumentView.h */ = {isa = PBXFileReference; lastKnownFileType = sourcecode.c.h; path = RNTPTDocumentView.h; sourceTree = "<group>"; };
		CE0885EF20E2C9F400AB7A9B /* RNTPTDocumentView.m */ = {isa = PBXFileReference; lastKnownFileType = sourcecode.c.objc; path = RNTPTDocumentView.m; sourceTree = "<group>"; };
		CE0885F120E2CA1300AB7A9B /* RNTPTDocumentViewManager.h */ = {isa = PBXFileReference; lastKnownFileType = sourcecode.c.h; path = RNTPTDocumentViewManager.h; sourceTree = "<group>"; };
		CE0885F220E2CA1300AB7A9B /* RNTPTDocumentViewManager.m */ = {isa = PBXFileReference; lastKnownFileType = sourcecode.c.objc; path = RNTPTDocumentViewManager.m; sourceTree = "<group>"; };
		CE0885F420E2CAB100AB7A9B /* RNTPTPDFViewCtrl.h */ = {isa = PBXFileReference; lastKnownFileType = sourcecode.c.h; path = RNTPTPDFViewCtrl.h; sourceTree = "<group>"; };
		CE0885F520E2CAB100AB7A9B /* RNTPTPDFViewCtrl.m */ = {isa = PBXFileReference; lastKnownFileType = sourcecode.c.objc; path = RNTPTPDFViewCtrl.m; sourceTree = "<group>"; };
		CE0885F720E2CACB00AB7A9B /* RNTPTPDFViewCtrlManager.h */ = {isa = PBXFileReference; lastKnownFileType = sourcecode.c.h; path = RNTPTPDFViewCtrlManager.h; sourceTree = "<group>"; };
		CE0885F820E2CACB00AB7A9B /* RNTPTPDFViewCtrlManager.m */ = {isa = PBXFileReference; lastKnownFileType = sourcecode.c.objc; path = RNTPTPDFViewCtrlManager.m; sourceTree = "<group>"; };
		D30BB17722EFA8D000D90D24 /* RNTPTDocumentViewModule.h */ = {isa = PBXFileReference; fileEncoding = 4; lastKnownFileType = sourcecode.c.h; path = RNTPTDocumentViewModule.h; sourceTree = "<group>"; };
		D30BB17822EFA8D000D90D24 /* RNTPTDocumentViewModule.m */ = {isa = PBXFileReference; fileEncoding = 4; lastKnownFileType = sourcecode.c.objc; path = RNTPTDocumentViewModule.m; sourceTree = "<group>"; };
/* End PBXFileReference section */

/* Begin PBXFrameworksBuildPhase section */
		58B511D81A9E6C8500147676 /* Frameworks */ = {
			isa = PBXFrameworksBuildPhase;
			buildActionMask = 2147483647;
			files = (
			);
			runOnlyForDeploymentPostprocessing = 0;
		};
/* End PBXFrameworksBuildPhase section */

/* Begin PBXGroup section */
		134814211AA4EA7D00B7C361 /* Products */ = {
			isa = PBXGroup;
			children = (
				134814201AA4EA6300B7C361 /* libRNPdftron.a */,
			);
			name = Products;
			sourceTree = "<group>";
		};
		58B511D21A9E6C8500147676 = {
			isa = PBXGroup;
			children = (
				CE0885F720E2CACB00AB7A9B /* RNTPTPDFViewCtrlManager.h */,
				CE0885F820E2CACB00AB7A9B /* RNTPTPDFViewCtrlManager.m */,
				CE0885F420E2CAB100AB7A9B /* RNTPTPDFViewCtrl.h */,
				CE0885F520E2CAB100AB7A9B /* RNTPTPDFViewCtrl.m */,
				CE0885F120E2CA1300AB7A9B /* RNTPTDocumentViewManager.h */,
				CE0885F220E2CA1300AB7A9B /* RNTPTDocumentViewManager.m */,
				CE0885EE20E2C9F400AB7A9B /* RNTPTDocumentView.h */,
				CE0885EF20E2C9F400AB7A9B /* RNTPTDocumentView.m */,
				B3E7B5881CC2AC0600A0062D /* RNPdftron.h */,
				B3E7B5891CC2AC0600A0062D /* RNPdftron.m */,
				D30BB17722EFA8D000D90D24 /* RNTPTDocumentViewModule.h */,
				D30BB17822EFA8D000D90D24 /* RNTPTDocumentViewModule.m */,
				134814211AA4EA7D00B7C361 /* Products */,
			);
			sourceTree = "<group>";
		};
/* End PBXGroup section */

/* Begin PBXNativeTarget section */
		58B511DA1A9E6C8500147676 /* RNPdftron */ = {
			isa = PBXNativeTarget;
			buildConfigurationList = 58B511EF1A9E6C8500147676 /* Build configuration list for PBXNativeTarget "RNPdftron" */;
			buildPhases = (
				58B511D71A9E6C8500147676 /* Sources */,
				58B511D81A9E6C8500147676 /* Frameworks */,
				58B511D91A9E6C8500147676 /* CopyFiles */,
			);
			buildRules = (
			);
			dependencies = (
			);
			name = RNPdftron;
			productName = RCTDataManager;
			productReference = 134814201AA4EA6300B7C361 /* libRNPdftron.a */;
			productType = "com.apple.product-type.library.static";
		};
/* End PBXNativeTarget section */

/* Begin PBXProject section */
		58B511D31A9E6C8500147676 /* Project object */ = {
			isa = PBXProject;
			attributes = {
				LastUpgradeCheck = 0920;
				ORGANIZATIONNAME = Facebook;
				TargetAttributes = {
					58B511DA1A9E6C8500147676 = {
						CreatedOnToolsVersion = 6.1.1;
					};
				};
			};
			buildConfigurationList = 58B511D61A9E6C8500147676 /* Build configuration list for PBXProject "RNPdftron" */;
			compatibilityVersion = "Xcode 3.2";
			developmentRegion = English;
			hasScannedForEncodings = 0;
			knownRegions = (
				en,
			);
			mainGroup = 58B511D21A9E6C8500147676;
			productRefGroup = 58B511D21A9E6C8500147676;
			projectDirPath = "";
			projectRoot = "";
			targets = (
				58B511DA1A9E6C8500147676 /* RNPdftron */,
			);
		};
/* End PBXProject section */

/* Begin PBXSourcesBuildPhase section */
		58B511D71A9E6C8500147676 /* Sources */ = {
			isa = PBXSourcesBuildPhase;
			buildActionMask = 2147483647;
			files = (
				D30BB17922EFA8D000D90D24 /* RNTPTDocumentViewModule.m in Sources */,
				CE0885F020E2C9F400AB7A9B /* RNTPTDocumentView.m in Sources */,
				B3E7B58A1CC2AC0600A0062D /* RNPdftron.m in Sources */,
				CE0885F320E2CA1300AB7A9B /* RNTPTDocumentViewManager.m in Sources */,
				CE0885F920E2CACB00AB7A9B /* RNTPTPDFViewCtrlManager.m in Sources */,
				CE0885F620E2CAB100AB7A9B /* RNTPTPDFViewCtrl.m in Sources */,
			);
			runOnlyForDeploymentPostprocessing = 0;
		};
/* End PBXSourcesBuildPhase section */

/* Begin XCBuildConfiguration section */
		58B511ED1A9E6C8500147676 /* Debug */ = {
			isa = XCBuildConfiguration;
			buildSettings = {
				ALWAYS_SEARCH_USER_PATHS = NO;
				CLANG_CXX_LANGUAGE_STANDARD = "gnu++0x";
				CLANG_CXX_LIBRARY = "libc++";
				CLANG_ENABLE_MODULES = YES;
				CLANG_ENABLE_OBJC_ARC = YES;
				CLANG_WARN_BLOCK_CAPTURE_AUTORELEASING = YES;
				CLANG_WARN_BOOL_CONVERSION = YES;
				CLANG_WARN_COMMA = YES;
				CLANG_WARN_CONSTANT_CONVERSION = YES;
				CLANG_WARN_DIRECT_OBJC_ISA_USAGE = YES_ERROR;
				CLANG_WARN_EMPTY_BODY = YES;
				CLANG_WARN_ENUM_CONVERSION = YES;
				CLANG_WARN_INFINITE_RECURSION = YES;
				CLANG_WARN_INT_CONVERSION = YES;
				CLANG_WARN_NON_LITERAL_NULL_CONVERSION = YES;
				CLANG_WARN_OBJC_LITERAL_CONVERSION = YES;
				CLANG_WARN_OBJC_ROOT_CLASS = YES_ERROR;
				CLANG_WARN_RANGE_LOOP_ANALYSIS = YES;
				CLANG_WARN_STRICT_PROTOTYPES = YES;
				CLANG_WARN_SUSPICIOUS_MOVE = YES;
				CLANG_WARN_UNREACHABLE_CODE = YES;
				CLANG_WARN__DUPLICATE_METHOD_MATCH = YES;
				COPY_PHASE_STRIP = NO;
				ENABLE_STRICT_OBJC_MSGSEND = YES;
				ENABLE_TESTABILITY = YES;
				GCC_C_LANGUAGE_STANDARD = gnu99;
				GCC_DYNAMIC_NO_PIC = NO;
				GCC_NO_COMMON_BLOCKS = YES;
				GCC_OPTIMIZATION_LEVEL = 0;
				GCC_PREPROCESSOR_DEFINITIONS = (
					"DEBUG=1",
					"$(inherited)",
				);
				GCC_SYMBOLS_PRIVATE_EXTERN = NO;
				GCC_WARN_64_TO_32_BIT_CONVERSION = YES;
				GCC_WARN_ABOUT_RETURN_TYPE = YES_ERROR;
				GCC_WARN_UNDECLARED_SELECTOR = YES;
				GCC_WARN_UNINITIALIZED_AUTOS = YES_AGGRESSIVE;
				GCC_WARN_UNUSED_FUNCTION = YES;
				GCC_WARN_UNUSED_VARIABLE = YES;
				IPHONEOS_DEPLOYMENT_TARGET = 10.0;
				MTL_ENABLE_DEBUG_INFO = YES;
				ONLY_ACTIVE_ARCH = YES;
				SDKROOT = iphoneos;
			};
			name = Debug;
		};
		58B511EE1A9E6C8500147676 /* Release */ = {
			isa = XCBuildConfiguration;
			buildSettings = {
				ALWAYS_SEARCH_USER_PATHS = NO;
				CLANG_CXX_LANGUAGE_STANDARD = "gnu++0x";
				CLANG_CXX_LIBRARY = "libc++";
				CLANG_ENABLE_MODULES = YES;
				CLANG_ENABLE_OBJC_ARC = YES;
				CLANG_WARN_BLOCK_CAPTURE_AUTORELEASING = YES;
				CLANG_WARN_BOOL_CONVERSION = YES;
				CLANG_WARN_COMMA = YES;
				CLANG_WARN_CONSTANT_CONVERSION = YES;
				CLANG_WARN_DIRECT_OBJC_ISA_USAGE = YES_ERROR;
				CLANG_WARN_EMPTY_BODY = YES;
				CLANG_WARN_ENUM_CONVERSION = YES;
				CLANG_WARN_INFINITE_RECURSION = YES;
				CLANG_WARN_INT_CONVERSION = YES;
				CLANG_WARN_NON_LITERAL_NULL_CONVERSION = YES;
				CLANG_WARN_OBJC_LITERAL_CONVERSION = YES;
				CLANG_WARN_OBJC_ROOT_CLASS = YES_ERROR;
				CLANG_WARN_RANGE_LOOP_ANALYSIS = YES;
				CLANG_WARN_STRICT_PROTOTYPES = YES;
				CLANG_WARN_SUSPICIOUS_MOVE = YES;
				CLANG_WARN_UNREACHABLE_CODE = YES;
				CLANG_WARN__DUPLICATE_METHOD_MATCH = YES;
				COPY_PHASE_STRIP = YES;
				ENABLE_NS_ASSERTIONS = NO;
				ENABLE_STRICT_OBJC_MSGSEND = YES;
				GCC_C_LANGUAGE_STANDARD = gnu99;
				GCC_NO_COMMON_BLOCKS = YES;
				GCC_WARN_64_TO_32_BIT_CONVERSION = YES;
				GCC_WARN_ABOUT_RETURN_TYPE = YES_ERROR;
				GCC_WARN_UNDECLARED_SELECTOR = YES;
				GCC_WARN_UNINITIALIZED_AUTOS = YES_AGGRESSIVE;
				GCC_WARN_UNUSED_FUNCTION = YES;
				GCC_WARN_UNUSED_VARIABLE = YES;
				IPHONEOS_DEPLOYMENT_TARGET = 10.0;
				MTL_ENABLE_DEBUG_INFO = NO;
				SDKROOT = iphoneos;
				VALIDATE_PRODUCT = YES;
			};
			name = Release;
		};
		58B511F01A9E6C8500147676 /* Debug */ = {
			isa = XCBuildConfiguration;
			buildSettings = {
				FRAMEWORK_SEARCH_PATHS = (
					"$(SRCROOT)/../../../ios/Pods/**",
					"$(SRCROOT)/../example/ios/Pods/**",
				);
				HEADER_SEARCH_PATHS = (
					"$(inherited)",
					/Applications/Xcode.app/Contents/Developer/Toolchains/XcodeDefault.xctoolchain/usr/include,
					"$(SRCROOT)/../../../React/**",
					"$(SRCROOT)/../../react-native/React/**",
				);
				LIBRARY_SEARCH_PATHS = "$(inherited)";
				OTHER_LDFLAGS = "-ObjC";
				PRODUCT_NAME = RNPdftron;
				SKIP_INSTALL = YES;
			};
			name = Debug;
		};
		58B511F11A9E6C8500147676 /* Release */ = {
			isa = XCBuildConfiguration;
			buildSettings = {
				FRAMEWORK_SEARCH_PATHS = (
					"$(SRCROOT)/../../../ios/Pods/**",
					"$(SRCROOT)/../example/ios/Pods/**",
				);
				HEADER_SEARCH_PATHS = (
					"$(inherited)",
					/Applications/Xcode.app/Contents/Developer/Toolchains/XcodeDefault.xctoolchain/usr/include,
					"$(SRCROOT)/../../../React/**",
					"$(SRCROOT)/../../react-native/React/**",
				);
				LIBRARY_SEARCH_PATHS = "$(inherited)";
				OTHER_LDFLAGS = "-ObjC";
				PRODUCT_NAME = RNPdftron;
				SKIP_INSTALL = YES;
			};
			name = Release;
		};
/* End XCBuildConfiguration section */

/* Begin XCConfigurationList section */
		58B511D61A9E6C8500147676 /* Build configuration list for PBXProject "RNPdftron" */ = {
			isa = XCConfigurationList;
			buildConfigurations = (
				58B511ED1A9E6C8500147676 /* Debug */,
				58B511EE1A9E6C8500147676 /* Release */,
			);
			defaultConfigurationIsVisible = 0;
			defaultConfigurationName = Release;
		};
		58B511EF1A9E6C8500147676 /* Build configuration list for PBXNativeTarget "RNPdftron" */ = {
			isa = XCConfigurationList;
			buildConfigurations = (
				58B511F01A9E6C8500147676 /* Debug */,
				58B511F11A9E6C8500147676 /* Release */,
			);
			defaultConfigurationIsVisible = 0;
			defaultConfigurationName = Release;
		};
/* End XCConfigurationList section */
	};
	rootObject = 58B511D31A9E6C8500147676 /* Project object */;
}
